// !$*UTF8*$!
{
	archiveVersion = 1;
	classes = {
	};
	objectVersion = 56;
	objects = {

/* Begin PBXBuildFile section */
		4561848C2A82C28900AB35E0 /* Corporate.swift in Sources */ = {isa = PBXBuildFile; fileRef = 4561848B2A82C28900AB35E0 /* Corporate.swift */; };
		4561848E2A82C2B400AB35E0 /* CorporateSentence.swift in Sources */ = {isa = PBXBuildFile; fileRef = 4561848D2A82C2B400AB35E0 /* CorporateSentence.swift */; };
		45EA6CBC2A829D000009DADD /* TechSpeakApp.swift in Sources */ = {isa = PBXBuildFile; fileRef = 45EA6CBB2A829D000009DADD /* TechSpeakApp.swift */; };
		45EA6CBE2A829D000009DADD /* ContentView.swift in Sources */ = {isa = PBXBuildFile; fileRef = 45EA6CBD2A829D000009DADD /* ContentView.swift */; };
		45EA6CC02A829D000009DADD /* Assets.xcassets in Resources */ = {isa = PBXBuildFile; fileRef = 45EA6CBF2A829D000009DADD /* Assets.xcassets */; };
		45EA6CC32A829D000009DADD /* Preview Assets.xcassets in Resources */ = {isa = PBXBuildFile; fileRef = 45EA6CC22A829D000009DADD /* Preview Assets.xcassets */; };
		45EA6CCE2A82A0D10009DADD /* Tech.swift in Sources */ = {isa = PBXBuildFile; fileRef = 45EA6CCD2A82A0D10009DADD /* Tech.swift */; };
		45EA6CD32A82A4BC0009DADD /* TechSentence.swift in Sources */ = {isa = PBXBuildFile; fileRef = 45EA6CD22A82A4BC0009DADD /* TechSentence.swift */; };
/* End PBXBuildFile section */

/* Begin PBXFileReference section */
		4561848B2A82C28900AB35E0 /* Corporate.swift */ = {isa = PBXFileReference; lastKnownFileType = sourcecode.swift; path = Corporate.swift; sourceTree = "<group>"; };
		4561848D2A82C2B400AB35E0 /* CorporateSentence.swift */ = {isa = PBXFileReference; lastKnownFileType = sourcecode.swift; path = CorporateSentence.swift; sourceTree = "<group>"; };
		45EA6CB82A829D000009DADD /* TechSpeak.app */ = {isa = PBXFileReference; explicitFileType = wrapper.application; includeInIndex = 0; path = TechSpeak.app; sourceTree = BUILT_PRODUCTS_DIR; };
		45EA6CBB2A829D000009DADD /* TechSpeakApp.swift */ = {isa = PBXFileReference; lastKnownFileType = sourcecode.swift; path = TechSpeakApp.swift; sourceTree = "<group>"; };
		45EA6CBD2A829D000009DADD /* ContentView.swift */ = {isa = PBXFileReference; lastKnownFileType = sourcecode.swift; path = ContentView.swift; sourceTree = "<group>"; };
		45EA6CBF2A829D000009DADD /* Assets.xcassets */ = {isa = PBXFileReference; lastKnownFileType = folder.assetcatalog; path = Assets.xcassets; sourceTree = "<group>"; };
		45EA6CC22A829D000009DADD /* Preview Assets.xcassets */ = {isa = PBXFileReference; lastKnownFileType = folder.assetcatalog; path = "Preview Assets.xcassets"; sourceTree = "<group>"; };
		45EA6CC42A829D000009DADD /* TechSpeak.entitlements */ = {isa = PBXFileReference; lastKnownFileType = text.plist.entitlements; path = TechSpeak.entitlements; sourceTree = "<group>"; };
		45EA6CCD2A82A0D10009DADD /* Tech.swift */ = {isa = PBXFileReference; lastKnownFileType = sourcecode.swift; path = Tech.swift; sourceTree = "<group>"; };
		45EA6CD22A82A4BC0009DADD /* TechSentence.swift */ = {isa = PBXFileReference; lastKnownFileType = sourcecode.swift; path = TechSentence.swift; sourceTree = "<group>"; };
/* End PBXFileReference section */

/* Begin PBXFrameworksBuildPhase section */
		45EA6CB52A829D000009DADD /* Frameworks */ = {
			isa = PBXFrameworksBuildPhase;
			buildActionMask = 2147483647;
			files = (
			);
			runOnlyForDeploymentPostprocessing = 0;
		};
/* End PBXFrameworksBuildPhase section */

/* Begin PBXGroup section */
		45EA6CAF2A829D000009DADD = {
			isa = PBXGroup;
			children = (
				45EA6CBA2A829D000009DADD /* TechSpeak */,
				45EA6CB92A829D000009DADD /* Products */,
			);
			sourceTree = "<group>";
		};
		45EA6CB92A829D000009DADD /* Products */ = {
			isa = PBXGroup;
			children = (
				45EA6CB82A829D000009DADD /* TechSpeak.app */,
			);
			name = Products;
			sourceTree = "<group>";
		};
		45EA6CBA2A829D000009DADD /* TechSpeak */ = {
			isa = PBXGroup;
			children = (
				45EA6CBB2A829D000009DADD /* TechSpeakApp.swift */,
				45EA6CCB2A82A0950009DADD /* View */,
				45EA6CCC2A82A0A00009DADD /* ViewModel */,
				45EA6CCA2A82A08F0009DADD /* Model */,
				45EA6CBF2A829D000009DADD /* Assets.xcassets */,
				45EA6CC42A829D000009DADD /* TechSpeak.entitlements */,
				45EA6CC12A829D000009DADD /* Preview Content */,
			);
			path = TechSpeak;
			sourceTree = "<group>";
		};
		45EA6CC12A829D000009DADD /* Preview Content */ = {
			isa = PBXGroup;
			children = (
				45EA6CC22A829D000009DADD /* Preview Assets.xcassets */,
			);
			path = "Preview Content";
			sourceTree = "<group>";
		};
		45EA6CCA2A82A08F0009DADD /* Model */ = {
			isa = PBXGroup;
			children = (
				45EA6CCD2A82A0D10009DADD /* Tech.swift */,
				4561848B2A82C28900AB35E0 /* Corporate.swift */,
			);
			path = Model;
			sourceTree = "<group>";
		};
		45EA6CCB2A82A0950009DADD /* View */ = {
			isa = PBXGroup;
			children = (
				45EA6CBD2A829D000009DADD /* ContentView.swift */,
			);
			path = View;
			sourceTree = "<group>";
		};
		45EA6CCC2A82A0A00009DADD /* ViewModel */ = {
			isa = PBXGroup;
			children = (
				45EA6CD22A82A4BC0009DADD /* TechSentence.swift */,
				4561848D2A82C2B400AB35E0 /* CorporateSentence.swift */,
			);
			path = ViewModel;
			sourceTree = "<group>";
		};
/* End PBXGroup section */

/* Begin PBXNativeTarget section */
		45EA6CB72A829D000009DADD /* TechSpeak */ = {
			isa = PBXNativeTarget;
			buildConfigurationList = 45EA6CC72A829D000009DADD /* Build configuration list for PBXNativeTarget "TechSpeak" */;
			buildPhases = (
				45EA6CB42A829D000009DADD /* Sources */,
				45EA6CB52A829D000009DADD /* Frameworks */,
				45EA6CB62A829D000009DADD /* Resources */,
			);
			buildRules = (
			);
			dependencies = (
			);
			name = TechSpeak;
			productName = TechSpeak;
			productReference = 45EA6CB82A829D000009DADD /* TechSpeak.app */;
			productType = "com.apple.product-type.application";
		};
/* End PBXNativeTarget section */

/* Begin PBXProject section */
		45EA6CB02A829D000009DADD /* Project object */ = {
			isa = PBXProject;
			attributes = {
				BuildIndependentTargetsInParallel = 1;
				LastSwiftUpdateCheck = 1430;
				LastUpgradeCheck = 1430;
				TargetAttributes = {
					45EA6CB72A829D000009DADD = {
						CreatedOnToolsVersion = 14.3.1;
					};
				};
			};
			buildConfigurationList = 45EA6CB32A829D000009DADD /* Build configuration list for PBXProject "TechSpeak" */;
			compatibilityVersion = "Xcode 14.0";
			developmentRegion = en;
			hasScannedForEncodings = 0;
			knownRegions = (
				en,
				Base,
			);
			mainGroup = 45EA6CAF2A829D000009DADD;
			productRefGroup = 45EA6CB92A829D000009DADD /* Products */;
			projectDirPath = "";
			projectRoot = "";
			targets = (
				45EA6CB72A829D000009DADD /* TechSpeak */,
			);
		};
/* End PBXProject section */

/* Begin PBXResourcesBuildPhase section */
		45EA6CB62A829D000009DADD /* Resources */ = {
			isa = PBXResourcesBuildPhase;
			buildActionMask = 2147483647;
			files = (
				45EA6CC32A829D000009DADD /* Preview Assets.xcassets in Resources */,
				45EA6CC02A829D000009DADD /* Assets.xcassets in Resources */,
			);
			runOnlyForDeploymentPostprocessing = 0;
		};
/* End PBXResourcesBuildPhase section */

/* Begin PBXSourcesBuildPhase section */
		45EA6CB42A829D000009DADD /* Sources */ = {
			isa = PBXSourcesBuildPhase;
			buildActionMask = 2147483647;
			files = (
				4561848E2A82C2B400AB35E0 /* CorporateSentence.swift in Sources */,
				45EA6CCE2A82A0D10009DADD /* Tech.swift in Sources */,
				4561848C2A82C28900AB35E0 /* Corporate.swift in Sources */,
				45EA6CD32A82A4BC0009DADD /* TechSentence.swift in Sources */,
				45EA6CBE2A829D000009DADD /* ContentView.swift in Sources */,
				45EA6CBC2A829D000009DADD /* TechSpeakApp.swift in Sources */,
			);
			runOnlyForDeploymentPostprocessing = 0;
		};
/* End PBXSourcesBuildPhase section */

/* Begin XCBuildConfiguration section */
		45EA6CC52A829D000009DADD /* Debug */ = {
			isa = XCBuildConfiguration;
			buildSettings = {
				ALWAYS_SEARCH_USER_PATHS = NO;
				CLANG_ANALYZER_NONNULL = YES;
				CLANG_ANALYZER_NUMBER_OBJECT_CONVERSION = YES_AGGRESSIVE;
				CLANG_CXX_LANGUAGE_STANDARD = "gnu++20";
				CLANG_ENABLE_MODULES = YES;
				CLANG_ENABLE_OBJC_ARC = YES;
				CLANG_ENABLE_OBJC_WEAK = YES;
				CLANG_WARN_BLOCK_CAPTURE_AUTORELEASING = YES;
				CLANG_WARN_BOOL_CONVERSION = YES;
				CLANG_WARN_COMMA = YES;
				CLANG_WARN_CONSTANT_CONVERSION = YES;
				CLANG_WARN_DEPRECATED_OBJC_IMPLEMENTATIONS = YES;
				CLANG_WARN_DIRECT_OBJC_ISA_USAGE = YES_ERROR;
				CLANG_WARN_DOCUMENTATION_COMMENTS = YES;
				CLANG_WARN_EMPTY_BODY = YES;
				CLANG_WARN_ENUM_CONVERSION = YES;
				CLANG_WARN_INFINITE_RECURSION = YES;
				CLANG_WARN_INT_CONVERSION = YES;
				CLANG_WARN_NON_LITERAL_NULL_CONVERSION = YES;
				CLANG_WARN_OBJC_IMPLICIT_RETAIN_SELF = YES;
				CLANG_WARN_OBJC_LITERAL_CONVERSION = YES;
				CLANG_WARN_OBJC_ROOT_CLASS = YES_ERROR;
				CLANG_WARN_QUOTED_INCLUDE_IN_FRAMEWORK_HEADER = YES;
				CLANG_WARN_RANGE_LOOP_ANALYSIS = YES;
				CLANG_WARN_STRICT_PROTOTYPES = YES;
				CLANG_WARN_SUSPICIOUS_MOVE = YES;
				CLANG_WARN_UNGUARDED_AVAILABILITY = YES_AGGRESSIVE;
				CLANG_WARN_UNREACHABLE_CODE = YES;
				CLANG_WARN__DUPLICATE_METHOD_MATCH = YES;
				COPY_PHASE_STRIP = NO;
				DEBUG_INFORMATION_FORMAT = dwarf;
				ENABLE_STRICT_OBJC_MSGSEND = YES;
				ENABLE_TESTABILITY = YES;
				GCC_C_LANGUAGE_STANDARD = gnu11;
				GCC_DYNAMIC_NO_PIC = NO;
				GCC_NO_COMMON_BLOCKS = YES;
				GCC_OPTIMIZATION_LEVEL = 0;
				GCC_PREPROCESSOR_DEFINITIONS = (
					"DEBUG=1",
					"$(inherited)",
				);
				GCC_WARN_64_TO_32_BIT_CONVERSION = YES;
				GCC_WARN_ABOUT_RETURN_TYPE = YES_ERROR;
				GCC_WARN_UNDECLARED_SELECTOR = YES;
				GCC_WARN_UNINITIALIZED_AUTOS = YES_AGGRESSIVE;
				GCC_WARN_UNUSED_FUNCTION = YES;
				GCC_WARN_UNUSED_VARIABLE = YES;
				MACOSX_DEPLOYMENT_TARGET = 13.3;
				MTL_ENABLE_DEBUG_INFO = INCLUDE_SOURCE;
				MTL_FAST_MATH = YES;
				ONLY_ACTIVE_ARCH = YES;
				SDKROOT = macosx;
				SWIFT_ACTIVE_COMPILATION_CONDITIONS = DEBUG;
				SWIFT_OPTIMIZATION_LEVEL = "-Onone";
			};
			name = Debug;
		};
		45EA6CC62A829D000009DADD /* Release */ = {
			isa = XCBuildConfiguration;
			buildSettings = {
				ALWAYS_SEARCH_USER_PATHS = NO;
				CLANG_ANALYZER_NONNULL = YES;
				CLANG_ANALYZER_NUMBER_OBJECT_CONVERSION = YES_AGGRESSIVE;
				CLANG_CXX_LANGUAGE_STANDARD = "gnu++20";
				CLANG_ENABLE_MODULES = YES;
				CLANG_ENABLE_OBJC_ARC = YES;
				CLANG_ENABLE_OBJC_WEAK = YES;
				CLANG_WARN_BLOCK_CAPTURE_AUTORELEASING = YES;
				CLANG_WARN_BOOL_CONVERSION = YES;
				CLANG_WARN_COMMA = YES;
				CLANG_WARN_CONSTANT_CONVERSION = YES;
				CLANG_WARN_DEPRECATED_OBJC_IMPLEMENTATIONS = YES;
				CLANG_WARN_DIRECT_OBJC_ISA_USAGE = YES_ERROR;
				CLANG_WARN_DOCUMENTATION_COMMENTS = YES;
				CLANG_WARN_EMPTY_BODY = YES;
				CLANG_WARN_ENUM_CONVERSION = YES;
				CLANG_WARN_INFINITE_RECURSION = YES;
				CLANG_WARN_INT_CONVERSION = YES;
				CLANG_WARN_NON_LITERAL_NULL_CONVERSION = YES;
				CLANG_WARN_OBJC_IMPLICIT_RETAIN_SELF = YES;
				CLANG_WARN_OBJC_LITERAL_CONVERSION = YES;
				CLANG_WARN_OBJC_ROOT_CLASS = YES_ERROR;
				CLANG_WARN_QUOTED_INCLUDE_IN_FRAMEWORK_HEADER = YES;
				CLANG_WARN_RANGE_LOOP_ANALYSIS = YES;
				CLANG_WARN_STRICT_PROTOTYPES = YES;
				CLANG_WARN_SUSPICIOUS_MOVE = YES;
				CLANG_WARN_UNGUARDED_AVAILABILITY = YES_AGGRESSIVE;
				CLANG_WARN_UNREACHABLE_CODE = YES;
				CLANG_WARN__DUPLICATE_METHOD_MATCH = YES;
				COPY_PHASE_STRIP = NO;
				DEBUG_INFORMATION_FORMAT = "dwarf-with-dsym";
				ENABLE_NS_ASSERTIONS = NO;
				ENABLE_STRICT_OBJC_MSGSEND = YES;
				GCC_C_LANGUAGE_STANDARD = gnu11;
				GCC_NO_COMMON_BLOCKS = YES;
				GCC_WARN_64_TO_32_BIT_CONVERSION = YES;
				GCC_WARN_ABOUT_RETURN_TYPE = YES_ERROR;
				GCC_WARN_UNDECLARED_SELECTOR = YES;
				GCC_WARN_UNINITIALIZED_AUTOS = YES_AGGRESSIVE;
				GCC_WARN_UNUSED_FUNCTION = YES;
				GCC_WARN_UNUSED_VARIABLE = YES;
				MACOSX_DEPLOYMENT_TARGET = 13.3;
				MTL_ENABLE_DEBUG_INFO = NO;
				MTL_FAST_MATH = YES;
				SDKROOT = macosx;
				SWIFT_COMPILATION_MODE = wholemodule;
				SWIFT_OPTIMIZATION_LEVEL = "-O";
			};
			name = Release;
		};
		45EA6CC82A829D000009DADD /* Debug */ = {
			isa = XCBuildConfiguration;
			buildSettings = {
				ASSETCATALOG_COMPILER_APPICON_NAME = AppIcon;
				ASSETCATALOG_COMPILER_GLOBAL_ACCENT_COLOR_NAME = AccentColor;
				CODE_SIGN_ENTITLEMENTS = TechSpeak/TechSpeak.entitlements;
				"CODE_SIGN_IDENTITY[sdk=macosx*]" = "Apple Development";
				CODE_SIGN_STYLE = Automatic;
				COMBINE_HIDPI_IMAGES = YES;
				CURRENT_PROJECT_VERSION = 1;
				DEVELOPMENT_ASSET_PATHS = "\"TechSpeak/Preview Content\"";
				DEVELOPMENT_TEAM = F6V3R8N37B;
				ENABLE_HARDENED_RUNTIME = YES;
				ENABLE_PREVIEWS = YES;
				GENERATE_INFOPLIST_FILE = YES;
				INFOPLIST_KEY_LSApplicationCategoryType = "public.app-category.entertainment";
				INFOPLIST_KEY_LSUIElement = YES;
				INFOPLIST_KEY_NSHumanReadableCopyright = "";
				LD_RUNPATH_SEARCH_PATHS = (
					"$(inherited)",
					"@executable_path/../Frameworks",
				);
				MARKETING_VERSION = 1.0;
				PRODUCT_BUNDLE_IDENTIFIER = com.shootforthemoon.TechSpeak;
				PRODUCT_NAME = "$(TARGET_NAME)";
				SWIFT_EMIT_LOC_STRINGS = YES;
				SWIFT_VERSION = 5.0;
			};
			name = Debug;
		};
		45EA6CC92A829D000009DADD /* Release */ = {
			isa = XCBuildConfiguration;
			buildSettings = {
				ASSETCATALOG_COMPILER_APPICON_NAME = AppIcon;
				ASSETCATALOG_COMPILER_GLOBAL_ACCENT_COLOR_NAME = AccentColor;
				CODE_SIGN_ENTITLEMENTS = TechSpeak/TechSpeak.entitlements;
				"CODE_SIGN_IDENTITY[sdk=macosx*]" = "Apple Development";
				CODE_SIGN_STYLE = Automatic;
				COMBINE_HIDPI_IMAGES = YES;
				CURRENT_PROJECT_VERSION = 1;
				DEVELOPMENT_ASSET_PATHS = "\"TechSpeak/Preview Content\"";
				DEVELOPMENT_TEAM = F6V3R8N37B;
				ENABLE_HARDENED_RUNTIME = YES;
				ENABLE_PREVIEWS = YES;
				GENERATE_INFOPLIST_FILE = YES;
				INFOPLIST_KEY_LSApplicationCategoryType = "public.app-category.entertainment";
				INFOPLIST_KEY_LSUIElement = YES;
				INFOPLIST_KEY_NSHumanReadableCopyright = "";
				LD_RUNPATH_SEARCH_PATHS = (
					"$(inherited)",
					"@executable_path/../Frameworks",
				);
				MARKETING_VERSION = 1.0;
				PRODUCT_BUNDLE_IDENTIFIER = com.shootforthemoon.TechSpeak;
				PRODUCT_NAME = "$(TARGET_NAME)";
				SWIFT_EMIT_LOC_STRINGS = YES;
				SWIFT_VERSION = 5.0;
			};
			name = Release;
		};
/* End XCBuildConfiguration section */

/* Begin XCConfigurationList section */
		45EA6CB32A829D000009DADD /* Build configuration list for PBXProject "TechSpeak" */ = {
			isa = XCConfigurationList;
			buildConfigurations = (
				45EA6CC52A829D000009DADD /* Debug */,
				45EA6CC62A829D000009DADD /* Release */,
			);
			defaultConfigurationIsVisible = 0;
			defaultConfigurationName = Release;
		};
		45EA6CC72A829D000009DADD /* Build configuration list for PBXNativeTarget "TechSpeak" */ = {
			isa = XCConfigurationList;
			buildConfigurations = (
				45EA6CC82A829D000009DADD /* Debug */,
				45EA6CC92A829D000009DADD /* Release */,
			);
			defaultConfigurationIsVisible = 0;
			defaultConfigurationName = Release;
		};
/* End XCConfigurationList section */
	};
	rootObject = 45EA6CB02A829D000009DADD /* Project object */;
}
